
Microsoft Visual Studio Solution File, Format Version 12.00
# Visual Studio 15
VisualStudioVersion = 15.0.28307.572
MinimumVisualStudioVersion = 10.0.40219.1
Project("{FAE04EC0-301F-11D3-BF4B-00C04F79EFBC}") = "21_WCF_Assignment_01", "21_WCF_Assignment_01\21_WCF_Assignment_01.csproj", "{D0A06C58-DB2F-41C3-AB5D-820CEE4B6C2B}"
EndProject
Project("{FAE04EC0-301F-11D3-BF4B-00C04F79EFBC}") = "MVCClient", "MVCClient\MVCClient.csproj", "{4E80C942-FCF4-46D4-923F-F1AEB3977B46}"
	ProjectSection(ProjectDependencies) = postProject
		{D0A06C58-DB2F-41C3-AB5D-820CEE4B6C2B} = {D0A06C58-DB2F-41C3-AB5D-820CEE4B6C2B}
	EndProjectSection
EndProject
Project("{FAE04EC0-301F-11D3-BF4B-00C04F79EFBC}") = "GreetService", "GreetService\GreetService.csproj", "{2C5E496C-A245-4294-A863-20237BB4F036}"
EndProject
Project("{FAE04EC0-301F-11D3-BF4B-00C04F79EFBC}") = "GreetServiceHost", "GreetServiceHost\GreetServiceHost.csproj", "{B1CDCB8E-CEB1-4797-A752-4C00FD6D7BA1}"
EndProject
Global
	GlobalSection(SolutionConfigurationPlatforms) = preSolution
		Debug|Any CPU = Debug|Any CPU
		Release|Any CPU = Release|Any CPU
	EndGlobalSection
	GlobalSection(ProjectConfigurationPlatforms) = postSolution
		{D0A06C58-DB2F-41C3-AB5D-820CEE4B6C2B}.Debug|Any CPU.ActiveCfg = Debug|Any CPU
		{D0A06C58-DB2F-41C3-AB5D-820CEE4B6C2B}.Debug|Any CPU.Build.0 = Debug|Any CPU
		{D0A06C58-DB2F-41C3-AB5D-820CEE4B6C2B}.Release|Any CPU.ActiveCfg = Release|Any CPU
		{D0A06C58-DB2F-41C3-AB5D-820CEE4B6C2B}.Release|Any CPU.Build.0 = Release|Any CPU
		{4E80C942-FCF4-46D4-923F-F1AEB3977B46}.Debug|Any CPU.ActiveCfg = Debug|Any CPU
		{4E80C942-FCF4-46D4-923F-F1AEB3977B46}.Debug|Any CPU.Build.0 = Debug|Any CPU
		{4E80C942-FCF4-46D4-923F-F1AEB3977B46}.Release|Any CPU.ActiveCfg = Release|Any CPU
		{4E80C942-FCF4-46D4-923F-F1AEB3977B46}.Release|Any CPU.Build.0 = Release|Any CPU
		{2C5E496C-A245-4294-A863-20237BB4F036}.Debug|Any CPU.ActiveCfg = Debug|Any CPU
		{2C5E496C-A245-4294-A863-20237BB4F036}.Debug|Any CPU.Build.0 = Debug|Any CPU
		{2C5E496C-A245-4294-A863-20237BB4F036}.Release|Any CPU.ActiveCfg = Release|Any CPU
		{2C5E496C-A245-4294-A863-20237BB4F036}.Release|Any CPU.Build.0 = Release|Any CPU
		{B1CDCB8E-CEB1-4797-A752-4C00FD6D7BA1}.Debug|Any CPU.ActiveCfg = Debug|Any CPU
		{B1CDCB8E-CEB1-4797-A752-4C00FD6D7BA1}.Debug|Any CPU.Build.0 = Debug|Any CPU
		{B1CDCB8E-CEB1-4797-A752-4C00FD6D7BA1}.Release|Any CPU.ActiveCfg = Release|Any CPU
		{B1CDCB8E-CEB1-4797-A752-4C00FD6D7BA1}.Release|Any CPU.Build.0 = Release|Any CPU
	EndGlobalSection
	GlobalSection(SolutionProperties) = preSolution
		HideSolutionNode = FALSE
	EndGlobalSection
	GlobalSection(ExtensibilityGlobals) = postSolution
		SolutionGuid = {773E4193-8A7A-4281-B201-86283CB5889D}
	EndGlobalSection
EndGlobal
